Microsoft Visual Studio Solution File, Format Version 12.00
# Visual Studio Version 17
VisualStudioVersion = 17.9.34902.65
MinimumVisualStudioVersion = 10.0.40219.1
Project("{FAE04EC0-301F-11D3-BF4B-00C04F79EFBC}") = "SampleRules", "sample\SampleRules.csproj", "{178E5BD5-E9A8-AE7A-AEC8-A3A30AC6773E}"
EndProject
Global
	GlobalSection(SolutionConfigurationPlatforms) = preSolution
		Debug|Any CPU = Debug|Any CPU
		Release|Any CPU = Release|Any CPU
	EndGlobalSection
	GlobalSection(ProjectConfigurationPlatforms) = postSolution
		{178E5BD5-E9A8-AE7A-AEC8-A3A30AC6773E}.Debug|Any CPU.ActiveCfg = Debug|Any CPU
		{178E5BD5-E9A8-AE7A-AEC8-A3A30AC6773E}.Debug|Any CPU.Build.0 = Debug|Any CPU
		{178E5BD5-E9A8-AE7A-AEC8-A3A30AC6773E}.Release|Any CPU.ActiveCfg = Release|Any CPU
		{178E5BD5-E9A8-AE7A-AEC8-A3A30AC6773E}.Release|Any CPU.Build.0 = Release|Any CPU
	EndGlobalSection
	GlobalSection(SolutionProperties) = preSolution
		HideSolutionNode = FALSE
	EndGlobalSection
	GlobalSection(ExtensibilityGlobals) = postSolution
		SolutionGuid = {EE9553AE-6A50-4C7C-8377-E5D6333A0977}
	EndGlobalSection
EndGlobal
