
Microsoft Visual Studio Solution File, Format Version 12.00
# Visual Studio Version 17
VisualStudioVersion = 17.9.34714.143
MinimumVisualStudioVersion = 10.0.40219.1
Project("{FAE04EC0-301F-11D3-BF4B-00C04F79EFBC}") = "SampleRules", "SampleRules.csproj", "{CFDAA622-3D42-4D74-912D-37B7B637546C}"
EndProject
Global
	GlobalSection(SolutionConfigurationPlatforms) = preSolution
		Debug|Any CPU = Debug|Any CPU
		Release|Any CPU = Release|Any CPU
	EndGlobalSection
	GlobalSection(ProjectConfigurationPlatforms) = postSolution
		{CFDAA622-3D42-4D74-912D-37B7B637546C}.Debug|Any CPU.ActiveCfg = Debug|Any CPU
		{CFDAA622-3D42-4D74-912D-37B7B637546C}.Debug|Any CPU.Build.0 = Debug|Any CPU
		{CFDAA622-3D42-4D74-912D-37B7B637546C}.Release|Any CPU.ActiveCfg = Release|Any CPU
		{CFDAA622-3D42-4D74-912D-37B7B637546C}.Release|Any CPU.Build.0 = Release|Any CPU
	EndGlobalSection
	GlobalSection(SolutionProperties) = preSolution
		HideSolutionNode = FALSE
	EndGlobalSection
	GlobalSection(ExtensibilityGlobals) = postSolution
		SolutionGuid = {3A0E10C8-C1FB-45A5-84D2-A0A18EB6A6B6}
	EndGlobalSection
EndGlobal
